{
  "version": 1,
  "dependencies": {
    "net8.0": {
      "Azure.Identity": {
        "type": "Direct",
        "requested": "[1.10.4, )",
        "resolved": "1.10.4",
        "contentHash": "hSvisZy9sld0Gik1X94od3+rRXCx+AKgi+iLH6fFdlnRZRePn7RtrqUGSsORiH2h8H2sc4NLTrnuUte1WL+QuQ==",
        "dependencies": {
          "Azure.Core": "1.36.0",
          "Microsoft.Identity.Client": "4.56.0",
          "Microsoft.Identity.Client.Extensions.Msal": "4.56.0",
          "System.Memory": "4.5.4",
          "System.Security.Cryptography.ProtectedData": "4.7.0",
          "System.Text.Json": "4.7.2",
          "System.Threading.Tasks.Extensions": "4.5.4"
        }
      },
      "Azure.ResourceManager.Cdn": {
        "type": "Direct",
        "requested": "[1.2.0, )",
        "resolved": "1.2.0",
        "contentHash": "lnxT9URwlFEy29lphLzsx61Q9M5CpHT1XXMsXb4ErS85K9773IbwhOeKG2QoSto8/AgP4XeoCqbijqB6WTKNQg==",
        "dependencies": {
          "Azure.Core": "1.36.0",
          "Azure.ResourceManager": "1.9.0",
          "System.Text.Json": "4.7.2"
        }
      },
      "Bom.Squad": {
        "type": "Direct",
        "requested": "[0.2.1, )",
        "resolved": "0.2.1",
        "contentHash": "ImW3bGOADpx+rMMgsW1+TS3+QyGwJRZUKTNpkSJKfdOCUjfF6R50BHlusu8MvuWl2ME4P49CgV7cCs86n6JooQ=="
      },
      "DataSizeUnits": {
        "type": "Direct",
        "requested": "[2.1.0, )",
        "resolved": "2.1.0",
        "contentHash": "iya3uX4KkUOUiJYgE1mRsSWc1srwf2VUrrs9vYaqGvax+JdWhRtthi7yBP3mKf0mHuumn/OE/RDaxESZL+2s3Q=="
      },
      "LibObjectFile": {
        "type": "Direct",
        "requested": "[0.6.0, )",
        "resolved": "0.6.0",
        "contentHash": "XtFLHwx9gBILOWD+YnZNQhbIit2oMNlLJgiEXA8Sh9Ciz/SggGIFpXXKb9GqL+yQhUyr3cUJbZOG1ouH4vOqow=="
      },
      "McMaster.Extensions.CommandLineUtils": {
        "type": "Direct",
        "requested": "[4.1.1, )",
        "resolved": "4.1.1",
        "contentHash": "zxgDY+G5yVq2q8sVB3Z275Qkxed1jC95nwAfnlSyoG4l5Nicvd4+ke1jXusEZEfyuErlAgXCKS937c13FmZWBg==",
        "dependencies": {
          "System.ComponentModel.Annotations": "5.0.0"
        }
      },
      "PgpCore": {
        "type": "Direct",
        "requested": "[6.3.1, )",
        "resolved": "6.3.1",
        "contentHash": "j6FvE8XyCuXWDCEUSSUEEIEM7yB3Q3sXC4KO2V3wjNyR4/5ZI0ugSFhZHlMdAktHpXw1NfsUdZ3vZCI9U6XFnw==",
        "dependencies": {
          "BouncyCastle.Cryptography": "2.1.1"
        }
      },
      "SharpCompress": {
        "type": "Direct",
        "requested": "[0.36.0, )",
        "resolved": "0.36.0",
        "contentHash": "48am//T6Ou+GmyPmBaxaFN1ym0VNidRcBeANr9+OYTzpKRz8QMGzAkHVkCV30lFQ/gnWqGr50AuebahpG1C6xA==",
        "dependencies": {
          "ZstdSharp.Port": "0.7.4"
        }
      },
      "Azure.Core": {
        "type": "Transitive",
        "resolved": "1.36.0",
        "contentHash": "vwqFZdHS4dzPlI7FFRkPx9ctA+aGGeRev3gnzG8lntWvKMmBhAmulABi1O9CEvS3/jzYt7yA+0pqVdxkpAd7dQ==",
        "dependencies": {
          "Microsoft.Bcl.AsyncInterfaces": "1.1.1",
          "System.Diagnostics.DiagnosticSource": "6.0.1",
          "System.Memory.Data": "1.0.2",
          "System.Numerics.Vectors": "4.5.0",
          "System.Text.Encodings.Web": "4.7.2",
          "System.Text.Json": "4.7.2",
          "System.Threading.Tasks.Extensions": "4.5.4"
        }
      },
      "Azure.ResourceManager": {
        "type": "Transitive",
        "resolved": "1.9.0",
        "contentHash": "Ki3ethQJOkr0JuKnkazhKP5/bV849x1scwDSS61rrzf2/nmDM56jJmmCARHsFBoZfYQPd4lwCC2SeYfmLOY2wQ==",
        "dependencies": {
          "Azure.Core": "1.36.0",
          "System.Text.Json": "4.7.2"
        }
      },
      "BouncyCastle.Cryptography": {
        "type": "Transitive",
        "resolved": "2.1.1",
        "contentHash": "NNQaa4eyf5YjSdLKUWGPzq5HXZQc3yGybfIOkR6UY1C/rRFWdo0UhSzBqqnxwGnq3ie4vkN0JlzhhANjfTIJIQ=="
      },
      "Microsoft.Bcl.AsyncInterfaces": {
        "type": "Transitive",
        "resolved": "1.1.1",
        "contentHash": "yuvf07qFWFqtK3P/MRkEKLhn5r2UbSpVueRziSqj0yJQIKFwG1pq9mOayK3zE5qZCTs0CbrwL9M6R8VwqyGy2w=="
      },
      "Microsoft.Identity.Client": {
        "type": "Transitive",
        "resolved": "4.56.0",
        "contentHash": "rr4zbidvHy9r4NvOAs5hdd964Ao2A0pAeFBJKR95u1CJAVzbd1p6tPTXUZ+5ld0cfThiVSGvz6UHwY6JjraTpA==",
        "dependencies": {
          "Microsoft.IdentityModel.Abstractions": "6.22.0"
        }
      },
      "Microsoft.Identity.Client.Extensions.Msal": {
        "type": "Transitive",
        "resolved": "4.56.0",
        "contentHash": "H12YAzEGK55vZ+QpxUzozhW8ZZtgPDuWvgA0JbdIR9UhMUplj29JhIgE2imuH8W2Nw9D8JKygR1uxRFtpSNcrg==",
        "dependencies": {
          "Microsoft.Identity.Client": "4.56.0",
          "System.IO.FileSystem.AccessControl": "5.0.0",
          "System.Security.Cryptography.ProtectedData": "4.5.0"
        }
      },
      "Microsoft.IdentityModel.Abstractions": {
        "type": "Transitive",
        "resolved": "6.22.0",
        "contentHash": "iI+9V+2ciCrbheeLjpmjcqCnhy+r6yCoEcid3nkoFWerHgjVuT6CPM4HODUTtUPe1uwks4wcnAujJ8u+IKogHQ=="
      },
      "Microsoft.NETCore.Platforms": {
        "type": "Transitive",
        "resolved": "5.0.0",
        "contentHash": "VyPlqzH2wavqquTcYpkIIAQ6WdenuKoFN0BdYBbCWsclXacSOHNQn66Gt4z5NBqEYW0FAPm5rlvki9ZiCij5xQ=="
      },
      "System.ComponentModel.Annotations": {
        "type": "Transitive",
        "resolved": "5.0.0",
        "contentHash": "dMkqfy2el8A8/I76n2Hi1oBFEbG1SfxD2l5nhwXV3XjlnOmwxJlQbYpJH4W51odnU9sARCSAgv7S3CyAFMkpYg=="
      },
      "System.Diagnostics.DiagnosticSource": {
        "type": "Transitive",
        "resolved": "6.0.1",
        "contentHash": "KiLYDu2k2J82Q9BJpWiuQqCkFjRBWVq4jDzKKWawVi9KWzyD0XG3cmfX0vqTQlL14Wi9EufJrbL0+KCLTbqWiQ==",
        "dependencies": {
          "System.Runtime.CompilerServices.Unsafe": "6.0.0"
        }
      },
      "System.IO.FileSystem.AccessControl": {
        "type": "Transitive",
        "resolved": "5.0.0",
        "contentHash": "SxHB3nuNrpptVk+vZ/F+7OHEpoHUIKKMl02bUmYHQr1r+glbZQxs7pRtsf4ENO29TVm2TH3AEeep2fJcy92oYw==",
        "dependencies": {
          "System.Security.AccessControl": "5.0.0",
          "System.Security.Principal.Windows": "5.0.0"
        }
      },
      "System.Memory": {
        "type": "Transitive",
        "resolved": "4.5.4",
        "contentHash": "1MbJTHS1lZ4bS4FmsJjnuGJOu88ZzTT2rLvrhW7Ygic+pC0NWA+3hgAen0HRdsocuQXCkUTdFn9yHJJhsijDXw=="
      },
      "System.Memory.Data": {
        "type": "Transitive",
        "resolved": "1.0.2",
        "contentHash": "JGkzeqgBsiZwKJZ1IxPNsDFZDhUvuEdX8L8BDC8N3KOj+6zMcNU28CNN59TpZE/VJYy9cP+5M+sbxtWJx3/xtw==",
        "dependencies": {
          "System.Text.Encodings.Web": "4.7.2",
          "System.Text.Json": "4.6.0"
        }
      },
      "System.Numerics.Vectors": {
        "type": "Transitive",
        "resolved": "4.5.0",
        "contentHash": "QQTlPTl06J/iiDbJCiepZ4H//BVraReU4O4EoRw1U02H5TLUIT7xn3GnDp9AXPSlJUDyFs4uWjWafNX6WrAojQ=="
      },
      "System.Runtime.CompilerServices.Unsafe": {
        "type": "Transitive",
        "resolved": "6.0.0",
        "contentHash": "/iUeP3tq1S0XdNNoMz5C9twLSrM/TH+qElHkXWaPvuNOt+99G75NrV0OS2EqHx5wMN7popYjpc8oTjC1y16DLg=="
      },
      "System.Security.AccessControl": {
        "type": "Transitive",
        "resolved": "5.0.0",
        "contentHash": "dagJ1mHZO3Ani8GH0PHpPEe/oYO+rVdbQjvjJkBRNQkX4t0r1iaeGn8+/ybkSLEan3/slM0t59SVdHzuHf2jmw==",
        "dependencies": {
          "Microsoft.NETCore.Platforms": "5.0.0",
          "System.Security.Principal.Windows": "5.0.0"
        }
      },
      "System.Security.Cryptography.ProtectedData": {
        "type": "Transitive",
        "resolved": "4.7.0",
        "contentHash": "ehYW0m9ptxpGWvE4zgqongBVWpSDU/JCFD4K7krxkQwSz/sFQjEXCUqpvencjy6DYDbn7Ig09R8GFffu8TtneQ=="
      },
      "System.Security.Principal.Windows": {
        "type": "Transitive",
        "resolved": "5.0.0",
        "contentHash": "t0MGLukB5WAVU9bO3MGzvlGnyJPgUlcwerXn1kzBRjwLKixT96XV0Uza41W49gVd8zEMFu9vQEFlv0IOrytICA=="
      },
      "System.Text.Encodings.Web": {
        "type": "Transitive",
        "resolved": "4.7.2",
        "contentHash": "iTUgB/WtrZ1sWZs84F2hwyQhiRH6QNjQv2DkwrH+WP6RoFga2Q1m3f9/Q7FG8cck8AdHitQkmkXSY8qylcDmuA=="
      },
      "System.Text.Json": {
        "type": "Transitive",
        "resolved": "4.7.2",
        "contentHash": "TcMd95wcrubm9nHvJEQs70rC0H/8omiSGGpU4FQ/ZA1URIqD4pjmFJh2Mfv1yH1eHgJDWTi2hMDXwTET+zOOyg=="
      },
      "System.Threading.Tasks.Extensions": {
        "type": "Transitive",
        "resolved": "4.5.4",
        "contentHash": "zteT+G8xuGu6mS+mzDzYXbzS7rd3K6Fjb9RiZlYlJPam2/hU7JCBZBVEcywNuR+oZ1ncTvc/cq0faRr3P01OVg=="
      },
      "ZstdSharp.Port": {
        "type": "Transitive",
        "resolved": "0.7.4",
        "contentHash": "ziptnotpUJr51afwXJQ5Wc03dvDiZAdmxS08s1g7SHn/VzbyZUXdH6yORk/zaNjzUOEE6pVZ0Nqztab0rYROgQ=="
      }
    },
    "net8.0/win-x64": {
      "System.IO.FileSystem.AccessControl": {
        "type": "Transitive",
        "resolved": "5.0.0",
        "contentHash": "SxHB3nuNrpptVk+vZ/F+7OHEpoHUIKKMl02bUmYHQr1r+glbZQxs7pRtsf4ENO29TVm2TH3AEeep2fJcy92oYw==",
        "dependencies": {
          "System.Security.AccessControl": "5.0.0",
          "System.Security.Principal.Windows": "5.0.0"
        }
      },
      "System.Security.AccessControl": {
        "type": "Transitive",
        "resolved": "5.0.0",
        "contentHash": "dagJ1mHZO3Ani8GH0PHpPEe/oYO+rVdbQjvjJkBRNQkX4t0r1iaeGn8+/ybkSLEan3/slM0t59SVdHzuHf2jmw==",
        "dependencies": {
          "Microsoft.NETCore.Platforms": "5.0.0",
          "System.Security.Principal.Windows": "5.0.0"
        }
      },
      "System.Security.Cryptography.ProtectedData": {
        "type": "Transitive",
        "resolved": "4.7.0",
        "contentHash": "ehYW0m9ptxpGWvE4zgqongBVWpSDU/JCFD4K7krxkQwSz/sFQjEXCUqpvencjy6DYDbn7Ig09R8GFffu8TtneQ=="
      },
      "System.Security.Principal.Windows": {
        "type": "Transitive",
        "resolved": "5.0.0",
        "contentHash": "t0MGLukB5WAVU9bO3MGzvlGnyJPgUlcwerXn1kzBRjwLKixT96XV0Uza41W49gVd8zEMFu9vQEFlv0IOrytICA=="
      }
    }
  }
}